
Microsoft Visual Studio Solution File, Format Version 12.00
# Visual Studio Version 16
VisualStudioVersion = 16.0.30204.135
MinimumVisualStudioVersion = 10.0.40219.1
Project("{FAE04EC0-301F-11D3-BF4B-00C04F79EFBC}") = "GreatState", "GreatState\GreatState.csproj", "{67B9E67F-97E6-415C-AFED-6D3226354D15}"
EndProject
Global
	GlobalSection(SolutionConfigurationPlatforms) = preSolution
		Debug|Any CPU = Debug|Any CPU
		Release|Any CPU = Release|Any CPU
	EndGlobalSection
	GlobalSection(ProjectConfigurationPlatforms) = postSolution
		{67B9E67F-97E6-415C-AFED-6D3226354D15}.Debug|Any CPU.ActiveCfg = Debug|Any CPU
		{67B9E67F-97E6-415C-AFED-6D3226354D15}.Debug|Any CPU.Build.0 = Debug|Any CPU
		{67B9E67F-97E6-415C-AFED-6D3226354D15}.Release|Any CPU.ActiveCfg = Release|Any CPU
		{67B9E67F-97E6-415C-AFED-6D3226354D15}.Release|Any CPU.Build.0 = Release|Any CPU
	EndGlobalSection
	GlobalSection(SolutionProperties) = preSolution
		HideSolutionNode = FALSE
	EndGlobalSection
	GlobalSection(ExtensibilityGlobals) = postSolution
		SolutionGuid = {7ED8809F-7A15-4685-A330-EB993D1241C4}
	EndGlobalSection
EndGlobal
